
Microsoft Visual Studio Solution File, Format Version 12.00
# Visual Studio Version 17
VisualStudioVersion = 17.8.34525.116
MinimumVisualStudioVersion = 10.0.40219.1
Project("{FAE04EC0-301F-11D3-BF4B-00C04F79EFBC}") = "Lab13", "Lab13.csproj", "{E43C3490-1E91-423A-ACA2-F64CE4324380}"
EndProject
Global
	GlobalSection(SolutionConfigurationPlatforms) = preSolution
		Debug|Any CPU = Debug|Any CPU
		Release|Any CPU = Release|Any CPU
	EndGlobalSection
	GlobalSection(ProjectConfigurationPlatforms) = postSolution
		{E43C3490-1E91-423A-ACA2-F64CE4324380}.Debug|Any CPU.ActiveCfg = Debug|Any CPU
		{E43C3490-1E91-423A-ACA2-F64CE4324380}.Debug|Any CPU.Build.0 = Debug|Any CPU
		{E43C3490-1E91-423A-ACA2-F64CE4324380}.Release|Any CPU.ActiveCfg = Release|Any CPU
		{E43C3490-1E91-423A-ACA2-F64CE4324380}.Release|Any CPU.Build.0 = Release|Any CPU
	EndGlobalSection
	GlobalSection(SolutionProperties) = preSolution
		HideSolutionNode = FALSE
	EndGlobalSection
	GlobalSection(ExtensibilityGlobals) = postSolution
		SolutionGuid = {312381BD-80D3-44E2-AB5A-FD90AA865B4B}
	EndGlobalSection
EndGlobal
